<?xml version="1.0" encoding="utf-8"?>
<Project ToolsVersion="4.0" xmlns="http://schemas.microsoft.com/developer/msbuild/2003">
  <ItemGroup>
    <ClCompile Include="GraphicsInterface\ColorShader.cpp" />
    <ClCompile Include="GraphicsInterface\D3DDevice.cpp" />
    <ClCompile Include="GraphicsInterface\Graphics.cpp" />
    <ClCompile Include="Math\Matrix.cpp" />
    <ClCompile Include="Math\Vector2.cpp" />
    <ClCompile Include="Math\Vector3.cpp" />
    <ClCompile Include="Math\Vector4.cpp" />
    <ClCompile Include="RenderStates\Camera.cpp" />
    <ClCompile Include="System\Input.cpp" />
    <ClCompile Include="Model.cpp" />
    <ClCompile Include="stdafx.cpp" />
    <ClCompile Include="main.cpp" />
    <ClCompile Include="System\App.cpp" />
    <ClCompile Include="GraphicsInterface\RenderPipeline.cpp" />
    <ClCompile Include="GraphicsInterface\RenderSystem.cpp" />
    <ClCompile Include="System\Result.cpp" />
    <ClCompile Include="System\WinSystem\WinInput.cpp" />
    <ClCompile Include="System\Window.cpp" />
  </ItemGroup>
  <ItemGroup>
    <ClInclude Include="GraphicsInterface\ColorShader.h" />
    <ClInclude Include="GraphicsInterface\D3DDevice.h" />
    <ClInclude Include="GraphicsInterface\Graphics.h" />
    <ClInclude Include="Math\Constants.h" />
    <ClInclude Include="Math\Matrix.h" />
    <ClInclude Include="Math\Vector2.h" />
    <ClInclude Include="Math\Vector3.h" />
    <ClInclude Include="Math\Vector4.h" />
    <ClInclude Include="RenderStates\Camera.h" />
    <ClInclude Include="System\Input.h" />
    <ClInclude Include="Model.h" />
    <ClInclude Include="resource.h" />
    <ClInclude Include="stdafx.h" />
    <ClInclude Include="System\App.h" />
    <ClInclude Include="GraphicsInterface\RenderPipeline.h" />
    <ClInclude Include="GraphicsInterface\RenderSystem.h" />
    <ClInclude Include="System\Result.hpp" />
    <ClInclude Include="System\WinSystem\WinInput.h" />
    <ClInclude Include="System\Window.hpp" />
    <ClInclude Include="Math\Defs.h" />
  </ItemGroup>
  <ItemGroup>
    <ResourceCompile Include="DirectX.rc" />
  </ItemGroup>
  <ItemGroup>
    <FxCompile Include="Shaders\VertexShader.hlsl" />
    <FxCompile Include="Shaders\PixelShader.hlsl" />
  </ItemGroup>
  <ItemGroup>
    <None Include="Shaders\types_definitions.hlsli" />
    <None Include="RenderStates\Camera.ipp" />
    <None Include="System\Input.ipp" />
  </ItemGroup>
</Project>