<?xml version="1.0" encoding="utf-8"?>
<Project ToolsVersion="4.0" xmlns="http://schemas.microsoft.com/developer/msbuild/2003">
  <ItemGroup>
    <ClCompile Include="Model.cpp" />
    <ClCompile Include="stdafx.cpp" />
    <ClCompile Include="main.cpp" />
    <ClCompile Include="System\WinSystem\WinInput.cpp">
      <Filter>System\WinSystem</Filter>
    </ClCompile>
    <ClCompile Include="System\WinSystem\WinWindow.cpp">
      <Filter>System\WinSystem</Filter>
    </ClCompile>
    <ClCompile Include="System\Input.cpp">
      <Filter>System</Filter>
    </ClCompile>
    <ClCompile Include="System\App.cpp">
      <Filter>System</Filter>
    </ClCompile>
    <ClCompile Include="System\Result.cpp">
      <Filter>System</Filter>
    </ClCompile>
    <ClCompile Include="System\Window.cpp">
      <Filter>System</Filter>
    </ClCompile>
    <ClCompile Include="Math\Vector4.cpp">
      <Filter>Math</Filter>
    </ClCompile>
    <ClCompile Include="Math\Vector3.cpp">
      <Filter>Math</Filter>
    </ClCompile>
    <ClCompile Include="Math\Vector2.cpp">
      <Filter>Math</Filter>
    </ClCompile>
    <ClCompile Include="Math\Matrix.cpp">
      <Filter>Math</Filter>
    </ClCompile>
    <ClCompile Include="RenderStates\Camera.cpp">
      <Filter>RenderStates</Filter>
    </ClCompile>
    <ClCompile Include="Graphics\GraphicsSystem.cpp">
      <Filter>Graphics</Filter>
    </ClCompile>
    <ClCompile Include="Graphics\GraphicsD3D11\GraphicsSystemD3D11.cpp">
      <Filter>Graphics\GraphicsD3D11</Filter>
    </ClCompile>
    <ClCompile Include="Graphics\GraphicsTypes.cpp">
      <Filter>Graphics</Filter>
    </ClCompile>
  </ItemGroup>
  <ItemGroup>
    <ClInclude Include="Model.h" />
    <ClInclude Include="resource.h" />
    <ClInclude Include="stdafx.h" />
    <ClInclude Include="System\WinSystem\WinInput.h">
      <Filter>System\WinSystem</Filter>
    </ClInclude>
    <ClInclude Include="System\WinSystem\WinWindow.h">
      <Filter>System\WinSystem</Filter>
    </ClInclude>
    <ClInclude Include="System\Input.h">
      <Filter>System</Filter>
    </ClInclude>
    <ClInclude Include="System\App.h">
      <Filter>System</Filter>
    </ClInclude>
    <ClInclude Include="System\Result.hpp">
      <Filter>System</Filter>
    </ClInclude>
    <ClInclude Include="System\Window.hpp">
      <Filter>System</Filter>
    </ClInclude>
    <ClInclude Include="Math\Vector4.h">
      <Filter>Math</Filter>
    </ClInclude>
    <ClInclude Include="Math\Vector3.h">
      <Filter>Math</Filter>
    </ClInclude>
    <ClInclude Include="Math\Vector2.h">
      <Filter>Math</Filter>
    </ClInclude>
    <ClInclude Include="Math\Matrix.h">
      <Filter>Math</Filter>
    </ClInclude>
    <ClInclude Include="Math\Constants.h">
      <Filter>Math</Filter>
    </ClInclude>
    <ClInclude Include="RenderStates\Camera.h">
      <Filter>RenderStates</Filter>
    </ClInclude>
    <ClInclude Include="Math\Defs.h">
      <Filter>Math</Filter>
    </ClInclude>
    <ClInclude Include="Graphics\GraphicsSystem.hpp">
      <Filter>Graphics</Filter>
    </ClInclude>
    <ClInclude Include="Graphics\GraphicsD3D11\GraphicsSystemD3D11.hpp">
      <Filter>Graphics\GraphicsD3D11</Filter>
    </ClInclude>
    <ClInclude Include="System\Types.hpp" />
    <ClInclude Include="Graphics\GraphicsTypes.hpp">
      <Filter>Graphics</Filter>
    </ClInclude>
  </ItemGroup>
  <ItemGroup>
    <ResourceCompile Include="DirectX.rc" />
  </ItemGroup>
  <ItemGroup>
    <FxCompile Include="Shaders\VertexShader.hlsl">
      <Filter>Shaders</Filter>
    </FxCompile>
    <FxCompile Include="Shaders\PixelShader.hlsl">
      <Filter>Shaders</Filter>
    </FxCompile>
  </ItemGroup>
  <ItemGroup>
    <None Include="System\Input.ipp">
      <Filter>System</Filter>
    </None>
    <None Include="RenderStates\Camera.ipp">
      <Filter>RenderStates</Filter>
    </None>
    <None Include="Shaders\types_definitions.hlsli">
      <Filter>Shaders</Filter>
    </None>
  </ItemGroup>
  <ItemGroup>
    <Filter Include="System">
      <UniqueIdentifier>{c8c6c74d-3178-401e-ba83-5f31503ebc13}</UniqueIdentifier>
    </Filter>
    <Filter Include="System\WinSystem">
      <UniqueIdentifier>{b0a0ebf1-7d3a-44e9-8dc4-4ce9dddf7846}</UniqueIdentifier>
    </Filter>
    <Filter Include="Math">
      <UniqueIdentifier>{ebb22cf7-c0a9-497f-9261-082b637f015d}</UniqueIdentifier>
    </Filter>
    <Filter Include="Graphics">
      <UniqueIdentifier>{2d2c0a0e-79fd-4b49-a4ec-cb55470e8251}</UniqueIdentifier>
    </Filter>
    <Filter Include="RenderStates">
      <UniqueIdentifier>{a52ec65d-67c9-4f71-ab79-d129a052f358}</UniqueIdentifier>
    </Filter>
    <Filter Include="Shaders">
      <UniqueIdentifier>{8f9fc76f-5842-401b-b888-f40757a4613e}</UniqueIdentifier>
    </Filter>
    <Filter Include="Graphics\GraphicsD3D11">
      <UniqueIdentifier>{066990c4-2532-4edd-b132-437ed0ef57bb}</UniqueIdentifier>
    </Filter>
  </ItemGroup>
</Project>